{
  "name": "private",
  "lockfileVersion": 2,
  "requires": true,
  "packages": {
    "": {
      "dependencies": {
        "tripcode": "^2.0.0",
        "ws": "^8.3.0"
      }
    },
    "node_modules/lodash.foreach": {
      "version": "4.5.0",
      "resolved": "https://registry.npmjs.org/lodash.foreach/-/lodash.foreach-4.5.0.tgz",
      "integrity": "sha1-Gmo16s5AEoDH8G3d7DUWWrJ+PlM="
    },
    "node_modules/minimist": {
      "version": "1.2.5",
      "resolved": "https://registry.npmjs.org/minimist/-/minimist-1.2.5.tgz",
      "integrity": "sha512-FM9nNUYrRBAELZQT3xeZQ7fmMOBg6nWNmJKTcgsJeaLstP/UODVpGsr5OhXhhXg6f+qtJ8uiZ+PUxkDWcgIXLw=="
    },
    "node_modules/split": {
      "version": "1.0.1",
      "resolved": "https://registry.npmjs.org/split/-/split-1.0.1.tgz",
      "integrity": "sha512-mTyOoPbrivtXnwnIxZRFYRrPNtEFKlpB2fvjSnCQUiAA6qAZzqwna5envK4uk6OIeP17CsdF3rSBGYVBsU0Tkg==",
      "dependencies": {
        "through": "2"
      },
      "engines": {
        "node": "*"
      }
    },
    "node_modules/through": {
      "version": "2.3.8",
      "resolved": "https://registry.npmjs.org/through/-/through-2.3.8.tgz",
      "integrity": "sha1-DdTJ/6q8NXlgsbckEV1+Doai4fU="
    },
    "node_modules/tripcode": {
      "version": "2.0.0",
      "resolved": "https://registry.npmjs.org/tripcode/-/tripcode-2.0.0.tgz",
      "integrity": "sha512-MV2Ox524uiNpJlWx4/hx+SHNfVrSR5kGfbhJxlnafUruRaZx+eWnuSysF21EN/Wq+kLF6AM7QsdpQHfbnignSQ==",
      "dependencies": {
        "lodash.foreach": "^4.5.0",
        "minimist": "^1.2.5",
        "split": "^1.0.1"
      },
      "bin": {
        "tripcode": "bin/cmd.js"
      },
      "engines": {
        "node": "12 || 14 || >=16"
      }
    },
    "node_modules/ws": {
      "version": "8.3.0",
      "resolved": "https://registry.npmjs.org/ws/-/ws-8.3.0.tgz",
      "integrity": "sha512-Gs5EZtpqZzLvmIM59w4igITU57lrtYVFneaa434VROv4thzJyV6UjIL3D42lslWlI+D4KzLYnxSwtfuiO79sNw==",
      "engines": {
        "node": ">=10.0.0"
      },
      "peerDependencies": {
        "bufferutil": "^4.0.1",
        "utf-8-validate": "^5.0.2"
      },
      "peerDependenciesMeta": {
        "bufferutil": {
          "optional": true
        },
        "utf-8-validate": {
          "optional": true
        }
      }
    }
  },
  "dependencies": {
    "lodash.foreach": {
      "version": "4.5.0",
      "resolved": "https://registry.npmjs.org/lodash.foreach/-/lodash.foreach-4.5.0.tgz",
      "integrity": "sha1-Gmo16s5AEoDH8G3d7DUWWrJ+PlM="
    },
    "minimist": {
      "version": "1.2.5",
      "resolved": "https://registry.npmjs.org/minimist/-/minimist-1.2.5.tgz",
      "integrity": "sha512-FM9nNUYrRBAELZQT3xeZQ7fmMOBg6nWNmJKTcgsJeaLstP/UODVpGsr5OhXhhXg6f+qtJ8uiZ+PUxkDWcgIXLw=="
    },
    "split": {
      "version": "1.0.1",
      "resolved": "https://registry.npmjs.org/split/-/split-1.0.1.tgz",
      "integrity": "sha512-mTyOoPbrivtXnwnIxZRFYRrPNtEFKlpB2fvjSnCQUiAA6qAZzqwna5envK4uk6OIeP17CsdF3rSBGYVBsU0Tkg==",
      "requires": {
        "through": "2"
      }
    },
    "through": {
      "version": "2.3.8",
      "resolved": "https://registry.npmjs.org/through/-/through-2.3.8.tgz",
      "integrity": "sha1-DdTJ/6q8NXlgsbckEV1+Doai4fU="
    },
    "tripcode": {
      "version": "2.0.0",
      "resolved": "https://registry.npmjs.org/tripcode/-/tripcode-2.0.0.tgz",
      "integrity": "sha512-MV2Ox524uiNpJlWx4/hx+SHNfVrSR5kGfbhJxlnafUruRaZx+eWnuSysF21EN/Wq+kLF6AM7QsdpQHfbnignSQ==",
      "requires": {
        "lodash.foreach": "^4.5.0",
        "minimist": "^1.2.5",
        "split": "^1.0.1"
      }
    },
    "ws": {
      "version": "8.3.0",
      "resolved": "https://registry.npmjs.org/ws/-/ws-8.3.0.tgz",
      "integrity": "sha512-Gs5EZtpqZzLvmIM59w4igITU57lrtYVFneaa434VROv4thzJyV6UjIL3D42lslWlI+D4KzLYnxSwtfuiO79sNw==",
      "requires": {}
    }
  }
}
